
Microsoft Visual Studio Solution File, Format Version 12.00
# Visual Studio 15
VisualStudioVersion = 15.0.26403.0
MinimumVisualStudioVersion = 10.0.40219.1
Project("{9092AA53-FB77-4645-B42D-1CCCA6BD08BD}") = "DiscordBot", "DiscordBot\DiscordBot.njsproj", "{6736B004-F5C8-4D4E-BB34-7DAA85D47928}"
EndProject
Global
	GlobalSection(SolutionConfigurationPlatforms) = preSolution
		Debug|Any CPU = Debug|Any CPU
		Release|Any CPU = Release|Any CPU
	EndGlobalSection
	GlobalSection(ProjectConfigurationPlatforms) = postSolution
		{6736B004-F5C8-4D4E-BB34-7DAA85D47928}.Debug|Any CPU.ActiveCfg = Debug|Any CPU
		{6736B004-F5C8-4D4E-BB34-7DAA85D47928}.Debug|Any CPU.Build.0 = Debug|Any CPU
		{6736B004-F5C8-4D4E-BB34-7DAA85D47928}.Release|Any CPU.ActiveCfg = Release|Any CPU
		{6736B004-F5C8-4D4E-BB34-7DAA85D47928}.Release|Any CPU.Build.0 = Release|Any CPU
	EndGlobalSection
	GlobalSection(SolutionProperties) = preSolution
		HideSolutionNode = FALSE
	EndGlobalSection
EndGlobal
